
Microsoft Visual Studio Solution File, Format Version 12.00
# Visual Studio Version 17
VisualStudioVersion = 17.0.31717.71
MinimumVisualStudioVersion = 10.0.40219.1
Project("{2150E333-8FDC-42A3-9474-1A3956D46DE8}") = "Solution Items", "Solution Items", "{15A77B42-BF42-474B-AC8A-C88EBDE25EC6}"
	ProjectSection(SolutionItems) = preProject
		.editorconfig = .editorconfig
		.filenesting.json = .filenesting.json
		.gitignore = .gitignore
		.runsettings = .runsettings
	EndProjectSection
EndProject
Global
	GlobalSection(SolutionConfigurationPlatforms) = preSolution
		Debug|Any CPU = Debug|Any CPU
		Debug|x64 = Debug|x64
		Release|Any CPU = Release|Any CPU
		Release|x64 = Release|x64
	EndGlobalSection
	GlobalSection(ProjectConfigurationPlatforms) = postSolution
		{718FDBDE-8C6B-4D19-84AE-288D7DA58323}.Debug|Any CPU.ActiveCfg = Debug|x64
		{718FDBDE-8C6B-4D19-84AE-288D7DA58323}.Debug|Any CPU.Build.0 = Debug|x64
		{718FDBDE-8C6B-4D19-84AE-288D7DA58323}.Debug|x64.ActiveCfg = Debug|Any CPU
		{718FDBDE-8C6B-4D19-84AE-288D7DA58323}.Debug|x64.Build.0 = Debug|Any CPU
		{718FDBDE-8C6B-4D19-84AE-288D7DA58323}.Release|Any CPU.ActiveCfg = Release|Any CPU
		{718FDBDE-8C6B-4D19-84AE-288D7DA58323}.Release|Any CPU.Build.0 = Release|Any CPU
		{718FDBDE-8C6B-4D19-84AE-288D7DA58323}.Release|x64.ActiveCfg = Release|Any CPU
		{718FDBDE-8C6B-4D19-84AE-288D7DA58323}.Release|x64.Build.0 = Release|Any CPU
		{AF852717-881D-455F-8673-681E71AD56AC}.Debug|Any CPU.ActiveCfg = Debug|Any CPU
		{AF852717-881D-455F-8673-681E71AD56AC}.Debug|Any CPU.Build.0 = Debug|Any CPU
		{AF852717-881D-455F-8673-681E71AD56AC}.Debug|x64.ActiveCfg = Debug|Any CPU
		{AF852717-881D-455F-8673-681E71AD56AC}.Debug|x64.Build.0 = Debug|Any CPU
		{AF852717-881D-455F-8673-681E71AD56AC}.Release|Any CPU.ActiveCfg = Release|Any CPU
		{AF852717-881D-455F-8673-681E71AD56AC}.Release|Any CPU.Build.0 = Release|Any CPU
		{AF852717-881D-455F-8673-681E71AD56AC}.Release|x64.ActiveCfg = Release|Any CPU
		{AF852717-881D-455F-8673-681E71AD56AC}.Release|x64.Build.0 = Release|Any CPU
		{8D07E51A-81AD-4879-A9BD-61F2825FB57F}.Debug|Any CPU.ActiveCfg = Debug|Any CPU
		{8D07E51A-81AD-4879-A9BD-61F2825FB57F}.Debug|Any CPU.Build.0 = Debug|Any CPU
		{8D07E51A-81AD-4879-A9BD-61F2825FB57F}.Debug|x64.ActiveCfg = Debug|Any CPU
		{8D07E51A-81AD-4879-A9BD-61F2825FB57F}.Debug|x64.Build.0 = Debug|Any CPU
		{8D07E51A-81AD-4879-A9BD-61F2825FB57F}.Release|Any CPU.ActiveCfg = Release|Any CPU
		{8D07E51A-81AD-4879-A9BD-61F2825FB57F}.Release|Any CPU.Build.0 = Release|Any CPU
		{8D07E51A-81AD-4879-A9BD-61F2825FB57F}.Release|x64.ActiveCfg = Release|Any CPU
		{8D07E51A-81AD-4879-A9BD-61F2825FB57F}.Release|x64.Build.0 = Release|Any CPU
		{759C465F-D964-42D6-A4F4-03FB22D83C9E}.Debug|Any CPU.ActiveCfg = Debug|Any CPU
		{759C465F-D964-42D6-A4F4-03FB22D83C9E}.Debug|Any CPU.Build.0 = Debug|Any CPU
		{759C465F-D964-42D6-A4F4-03FB22D83C9E}.Debug|x64.ActiveCfg = Debug|Any CPU
		{759C465F-D964-42D6-A4F4-03FB22D83C9E}.Debug|x64.Build.0 = Debug|Any CPU
		{759C465F-D964-42D6-A4F4-03FB22D83C9E}.Release|Any CPU.ActiveCfg = Release|Any CPU
		{759C465F-D964-42D6-A4F4-03FB22D83C9E}.Release|Any CPU.Build.0 = Release|Any CPU
		{759C465F-D964-42D6-A4F4-03FB22D83C9E}.Release|x64.ActiveCfg = Release|Any CPU
		{759C465F-D964-42D6-A4F4-03FB22D83C9E}.Release|x64.Build.0 = Release|Any CPU
		{772F9CD9-6F6C-48B6-9BBF-C53FE3FC04ED}.Debug|Any CPU.ActiveCfg = Debug|Any CPU
		{772F9CD9-6F6C-48B6-9BBF-C53FE3FC04ED}.Debug|Any CPU.Build.0 = Debug|Any CPU
		{772F9CD9-6F6C-48B6-9BBF-C53FE3FC04ED}.Debug|x64.ActiveCfg = Debug|Any CPU
		{772F9CD9-6F6C-48B6-9BBF-C53FE3FC04ED}.Debug|x64.Build.0 = Debug|Any CPU
		{772F9CD9-6F6C-48B6-9BBF-C53FE3FC04ED}.Release|Any CPU.ActiveCfg = Release|Any CPU
		{772F9CD9-6F6C-48B6-9BBF-C53FE3FC04ED}.Release|Any CPU.Build.0 = Release|Any CPU
		{772F9CD9-6F6C-48B6-9BBF-C53FE3FC04ED}.Release|x64.ActiveCfg = Release|Any CPU
		{772F9CD9-6F6C-48B6-9BBF-C53FE3FC04ED}.Release|x64.Build.0 = Release|Any CPU
		{27CE3CA9-B1AD-41CC-80A8-F7FCED159ED0}.Debug|Any CPU.ActiveCfg = Debug|Any CPU
		{27CE3CA9-B1AD-41CC-80A8-F7FCED159ED0}.Debug|Any CPU.Build.0 = Debug|Any CPU
		{27CE3CA9-B1AD-41CC-80A8-F7FCED159ED0}.Debug|x64.ActiveCfg = Debug|Any CPU
		{27CE3CA9-B1AD-41CC-80A8-F7FCED159ED0}.Debug|x64.Build.0 = Debug|Any CPU
		{27CE3CA9-B1AD-41CC-80A8-F7FCED159ED0}.Release|Any CPU.ActiveCfg = Release|Any CPU
		{27CE3CA9-B1AD-41CC-80A8-F7FCED159ED0}.Release|Any CPU.Build.0 = Release|Any CPU
		{27CE3CA9-B1AD-41CC-80A8-F7FCED159ED0}.Release|x64.ActiveCfg = Release|Any CPU
		{27CE3CA9-B1AD-41CC-80A8-F7FCED159ED0}.Release|x64.Build.0 = Release|Any CPU
		{3AE22420-8115-4B3F-837C-4FAEC1574C86}.Debug|Any CPU.ActiveCfg = Debug|Any CPU
		{3AE22420-8115-4B3F-837C-4FAEC1574C86}.Debug|Any CPU.Build.0 = Debug|Any CPU
		{3AE22420-8115-4B3F-837C-4FAEC1574C86}.Debug|x64.ActiveCfg = Debug|Any CPU
		{3AE22420-8115-4B3F-837C-4FAEC1574C86}.Debug|x64.Build.0 = Debug|Any CPU
		{3AE22420-8115-4B3F-837C-4FAEC1574C86}.Release|Any CPU.ActiveCfg = Release|Any CPU
		{3AE22420-8115-4B3F-837C-4FAEC1574C86}.Release|Any CPU.Build.0 = Release|Any CPU
		{3AE22420-8115-4B3F-837C-4FAEC1574C86}.Release|x64.ActiveCfg = Release|Any CPU
		{3AE22420-8115-4B3F-837C-4FAEC1574C86}.Release|x64.Build.0 = Release|Any CPU
		{42B97DC9-3CB8-43FA-B293-D70BB704A9E6}.Debug|Any CPU.ActiveCfg = Debug|Any CPU
		{42B97DC9-3CB8-43FA-B293-D70BB704A9E6}.Debug|Any CPU.Build.0 = Debug|Any CPU
		{42B97DC9-3CB8-43FA-B293-D70BB704A9E6}.Debug|x64.ActiveCfg = Debug|Any CPU
		{42B97DC9-3CB8-43FA-B293-D70BB704A9E6}.Debug|x64.Build.0 = Debug|Any CPU
		{42B97DC9-3CB8-43FA-B293-D70BB704A9E6}.Release|Any CPU.ActiveCfg = Release|Any CPU
		{42B97DC9-3CB8-43FA-B293-D70BB704A9E6}.Release|Any CPU.Build.0 = Release|Any CPU
		{42B97DC9-3CB8-43FA-B293-D70BB704A9E6}.Release|x64.ActiveCfg = Release|Any CPU
		{42B97DC9-3CB8-43FA-B293-D70BB704A9E6}.Release|x64.Build.0 = Release|Any CPU
		{9A9D6925-EF66-4263-88D0-29B5E3AE8999}.Debug|Any CPU.ActiveCfg = Debug|Any CPU
		{9A9D6925-EF66-4263-88D0-29B5E3AE8999}.Debug|Any CPU.Build.0 = Debug|Any CPU
		{9A9D6925-EF66-4263-88D0-29B5E3AE8999}.Debug|x64.ActiveCfg = Debug|Any CPU
		{9A9D6925-EF66-4263-88D0-29B5E3AE8999}.Debug|x64.Build.0 = Debug|Any CPU
		{9A9D6925-EF66-4263-88D0-29B5E3AE8999}.Release|Any CPU.ActiveCfg = Release|Any CPU
		{9A9D6925-EF66-4263-88D0-29B5E3AE8999}.Release|Any CPU.Build.0 = Release|Any CPU
		{9A9D6925-EF66-4263-88D0-29B5E3AE8999}.Release|x64.ActiveCfg = Release|Any CPU
		{9A9D6925-EF66-4263-88D0-29B5E3AE8999}.Release|x64.Build.0 = Release|Any CPU
		{EA324BBC-52AB-48F0-A761-F4545563354B}.Debug|Any CPU.ActiveCfg = Debug|Any CPU
		{EA324BBC-52AB-48F0-A761-F4545563354B}.Debug|Any CPU.Build.0 = Debug|Any CPU
		{EA324BBC-52AB-48F0-A761-F4545563354B}.Debug|x64.ActiveCfg = Debug|Any CPU
		{EA324BBC-52AB-48F0-A761-F4545563354B}.Debug|x64.Build.0 = Debug|Any CPU
		{EA324BBC-52AB-48F0-A761-F4545563354B}.Release|Any CPU.ActiveCfg = Release|Any CPU
		{EA324BBC-52AB-48F0-A761-F4545563354B}.Release|Any CPU.Build.0 = Release|Any CPU
		{EA324BBC-52AB-48F0-A761-F4545563354B}.Release|x64.ActiveCfg = Release|Any CPU
		{EA324BBC-52AB-48F0-A761-F4545563354B}.Release|x64.Build.0 = Release|Any CPU
		{02F74674-7E18-47AB-9266-A905A60A7912}.Debug|Any CPU.ActiveCfg = Debug|Any CPU
		{02F74674-7E18-47AB-9266-A905A60A7912}.Debug|Any CPU.Build.0 = Debug|Any CPU
		{02F74674-7E18-47AB-9266-A905A60A7912}.Debug|x64.ActiveCfg = Debug|Any CPU
		{02F74674-7E18-47AB-9266-A905A60A7912}.Debug|x64.Build.0 = Debug|Any CPU
		{02F74674-7E18-47AB-9266-A905A60A7912}.Release|Any CPU.ActiveCfg = Release|Any CPU
		{02F74674-7E18-47AB-9266-A905A60A7912}.Release|Any CPU.Build.0 = Release|Any CPU
		{02F74674-7E18-47AB-9266-A905A60A7912}.Release|x64.ActiveCfg = Release|Any CPU
		{02F74674-7E18-47AB-9266-A905A60A7912}.Release|x64.Build.0 = Release|Any CPU
		{91510765-6598-4E32-9428-C83620FDE571}.Debug|Any CPU.ActiveCfg = Debug|Any CPU
		{91510765-6598-4E32-9428-C83620FDE571}.Debug|Any CPU.Build.0 = Debug|Any CPU
		{91510765-6598-4E32-9428-C83620FDE571}.Debug|x64.ActiveCfg = Debug|Any CPU
		{91510765-6598-4E32-9428-C83620FDE571}.Debug|x64.Build.0 = Debug|Any CPU
		{91510765-6598-4E32-9428-C83620FDE571}.Release|Any CPU.ActiveCfg = Release|Any CPU
		{91510765-6598-4E32-9428-C83620FDE571}.Release|Any CPU.Build.0 = Release|Any CPU
		{91510765-6598-4E32-9428-C83620FDE571}.Release|x64.ActiveCfg = Release|Any CPU
		{91510765-6598-4E32-9428-C83620FDE571}.Release|x64.Build.0 = Release|Any CPU
		{CCB0652E-4C3B-4A6A-823D-6C3347E17E2D}.Debug|Any CPU.ActiveCfg = Debug|Any CPU
		{CCB0652E-4C3B-4A6A-823D-6C3347E17E2D}.Debug|Any CPU.Build.0 = Debug|Any CPU
		{CCB0652E-4C3B-4A6A-823D-6C3347E17E2D}.Debug|x64.ActiveCfg = Debug|Any CPU
		{CCB0652E-4C3B-4A6A-823D-6C3347E17E2D}.Debug|x64.Build.0 = Debug|Any CPU
		{CCB0652E-4C3B-4A6A-823D-6C3347E17E2D}.Release|Any CPU.ActiveCfg = Release|Any CPU
		{CCB0652E-4C3B-4A6A-823D-6C3347E17E2D}.Release|Any CPU.Build.0 = Release|Any CPU
		{CCB0652E-4C3B-4A6A-823D-6C3347E17E2D}.Release|x64.ActiveCfg = Release|Any CPU
		{CCB0652E-4C3B-4A6A-823D-6C3347E17E2D}.Release|x64.Build.0 = Release|Any CPU
		{9163FA45-9E46-4954-8B38-86EC5343F2BC}.Debug|Any CPU.ActiveCfg = Debug|Any CPU
		{9163FA45-9E46-4954-8B38-86EC5343F2BC}.Debug|Any CPU.Build.0 = Debug|Any CPU
		{9163FA45-9E46-4954-8B38-86EC5343F2BC}.Debug|x64.ActiveCfg = Debug|Any CPU
		{9163FA45-9E46-4954-8B38-86EC5343F2BC}.Debug|x64.Build.0 = Debug|Any CPU
		{9163FA45-9E46-4954-8B38-86EC5343F2BC}.Release|Any CPU.ActiveCfg = Release|Any CPU
		{9163FA45-9E46-4954-8B38-86EC5343F2BC}.Release|Any CPU.Build.0 = Release|Any CPU
		{9163FA45-9E46-4954-8B38-86EC5343F2BC}.Release|x64.ActiveCfg = Release|Any CPU
		{9163FA45-9E46-4954-8B38-86EC5343F2BC}.Release|x64.Build.0 = Release|Any CPU
		{DD4FCD75-40BB-45EB-9406-B0D87EC5C64E}.Debug|Any CPU.ActiveCfg = Debug|Any CPU
		{DD4FCD75-40BB-45EB-9406-B0D87EC5C64E}.Debug|Any CPU.Build.0 = Debug|Any CPU
		{DD4FCD75-40BB-45EB-9406-B0D87EC5C64E}.Debug|x64.ActiveCfg = Debug|Any CPU
		{DD4FCD75-40BB-45EB-9406-B0D87EC5C64E}.Debug|x64.Build.0 = Debug|Any CPU
		{DD4FCD75-40BB-45EB-9406-B0D87EC5C64E}.Release|Any CPU.ActiveCfg = Release|Any CPU
		{DD4FCD75-40BB-45EB-9406-B0D87EC5C64E}.Release|Any CPU.Build.0 = Release|Any CPU
		{DD4FCD75-40BB-45EB-9406-B0D87EC5C64E}.Release|x64.ActiveCfg = Release|Any CPU
		{DD4FCD75-40BB-45EB-9406-B0D87EC5C64E}.Release|x64.Build.0 = Release|Any CPU
		{C767EF7E-E9DA-4BA0-9354-4A3903ED932D}.Debug|Any CPU.ActiveCfg = Debug|Any CPU
		{C767EF7E-E9DA-4BA0-9354-4A3903ED932D}.Debug|Any CPU.Build.0 = Debug|Any CPU
		{C767EF7E-E9DA-4BA0-9354-4A3903ED932D}.Debug|Any CPU.Deploy.0 = Debug|Any CPU
		{C767EF7E-E9DA-4BA0-9354-4A3903ED932D}.Debug|x64.ActiveCfg = Debug|Any CPU
		{C767EF7E-E9DA-4BA0-9354-4A3903ED932D}.Debug|x64.Build.0 = Debug|Any CPU
		{C767EF7E-E9DA-4BA0-9354-4A3903ED932D}.Debug|x64.Deploy.0 = Debug|Any CPU
		{C767EF7E-E9DA-4BA0-9354-4A3903ED932D}.Release|Any CPU.ActiveCfg = Release|Any CPU
		{C767EF7E-E9DA-4BA0-9354-4A3903ED932D}.Release|Any CPU.Build.0 = Release|Any CPU
		{C767EF7E-E9DA-4BA0-9354-4A3903ED932D}.Release|x64.ActiveCfg = Release|Any CPU
		{C767EF7E-E9DA-4BA0-9354-4A3903ED932D}.Release|x64.Build.0 = Release|Any CPU
		{D1B3F861-9A6F-4864-9095-0F2E35CFC320}.Debug|Any CPU.ActiveCfg = Debug|Any CPU
		{D1B3F861-9A6F-4864-9095-0F2E35CFC320}.Debug|Any CPU.Build.0 = Debug|Any CPU
		{D1B3F861-9A6F-4864-9095-0F2E35CFC320}.Debug|x64.ActiveCfg = Debug|Any CPU
		{D1B3F861-9A6F-4864-9095-0F2E35CFC320}.Debug|x64.Build.0 = Debug|Any CPU
		{D1B3F861-9A6F-4864-9095-0F2E35CFC320}.Release|Any CPU.ActiveCfg = Release|Any CPU
		{D1B3F861-9A6F-4864-9095-0F2E35CFC320}.Release|Any CPU.Build.0 = Release|Any CPU
		{D1B3F861-9A6F-4864-9095-0F2E35CFC320}.Release|x64.ActiveCfg = Release|Any CPU
		{D1B3F861-9A6F-4864-9095-0F2E35CFC320}.Release|x64.Build.0 = Release|Any CPU
	EndGlobalSection
	GlobalSection(SolutionProperties) = preSolution
		HideSolutionNode = FALSE
	EndGlobalSection
	GlobalSection(NestedProjects) = preSolution
		{AF852717-881D-455F-8673-681E71AD56AC} = {6130DE4A-5026-461C-935D-7F78A0948E4C}
		{8D07E51A-81AD-4879-A9BD-61F2825FB57F} = {0B7BCC16-786D-4C77-8BBF-9947CEB608FC}
		{759C465F-D964-42D6-A4F4-03FB22D83C9E} = {6130DE4A-5026-461C-935D-7F78A0948E4C}
		{772F9CD9-6F6C-48B6-9BBF-C53FE3FC04ED} = {0B7BCC16-786D-4C77-8BBF-9947CEB608FC}
		{27CE3CA9-B1AD-41CC-80A8-F7FCED159ED0} = {0B7BCC16-786D-4C77-8BBF-9947CEB608FC}
		{3AE22420-8115-4B3F-837C-4FAEC1574C86} = {0B7BCC16-786D-4C77-8BBF-9947CEB608FC}
		{42B97DC9-3CB8-43FA-B293-D70BB704A9E6} = {0B7BCC16-786D-4C77-8BBF-9947CEB608FC}
		{9A9D6925-EF66-4263-88D0-29B5E3AE8999} = {340B3280-CC7C-4287-86A0-C805488D6A0E}
		{91510765-6598-4E32-9428-C83620FDE571} = {340B3280-CC7C-4287-86A0-C805488D6A0E}
		{CCB0652E-4C3B-4A6A-823D-6C3347E17E2D} = {340B3280-CC7C-4287-86A0-C805488D6A0E}
		{9163FA45-9E46-4954-8B38-86EC5343F2BC} = {0B7BCC16-786D-4C77-8BBF-9947CEB608FC}
		{DD4FCD75-40BB-45EB-9406-B0D87EC5C64E} = {0B7BCC16-786D-4C77-8BBF-9947CEB608FC}
		{D1B3F861-9A6F-4864-9095-0F2E35CFC320} = {0B7BCC16-786D-4C77-8BBF-9947CEB608FC}
	EndGlobalSection
	GlobalSection(ExtensibilityGlobals) = postSolution
		SolutionGuid = {5DA99779-770A-4F3C-887D-79E0D616ADDD}
	EndGlobalSection
EndGlobal
